NeoBundleLock neocomplcache d83bcbd0b142eb8de9d669ead26914cd7322a51c
NeoBundleLock neosnippet 044c9cb8ca46a5e27eec37198990c26fe707b02a
NeoBundleLock neosnippet-snippets 753906042c079d64d038565e6e518e1318ea6ec6
NeoBundleLock nerdtree 3b98a7fcae8f9fff356907171f0406ff8cd28921
NeoBundleLock perldoc-vim 3cdeb2f18bdc28ad7704dae9d3175efccdfbd026
NeoBundleLock vim-perl 4e75c3e3766da7294061f9bef6949e89087f821f
NeoBundleLock vim-quickrun 324a8a3fbc5cdde3de21f0b76fb7cc0775a91c2c
NeoBundleLock vim-tags 54811d025ab5f14dd535d58ba6b824566231791a
